PODS:
  - Bond (7.0.0):
    - Differ (~> 1.3)
    - ReactiveKit (~> 3.9)
  - Differ (1.3.0)
  - ReactiveKit (3.9.7)

DEPENDENCIES:
  - Bond

SPEC REPOS:
  https://github.com/cocoapods/specs.git:
    - Bond
    - Differ
    - ReactiveKit

SPEC CHECKSUMS:
  Bond: 7928751991aee53c1b746e82735a7214db2cb09f
  Differ: 9fcee7602542d7c6484ce05a0faec1c11258ed63
  ReactiveKit: 5f4c440715d671901c382ae6b42ed3337ce4699b

PODFILE CHECKSUM: c82de222a17e827100682e26eed5dc6e8baf4ed6

COCOAPODS: 1.5.3
